{
  "name": "appearance",
  "version": "1.0.0",
  "lockfileVersion": 1,
  "requires": true,
  "dependencies": {
    "cropperjs": {
      "version": "1.4.1",
      "resolved": "https://registry.npmjs.org/cropperjs/-/cropperjs-1.4.1.tgz",
      "integrity": "sha512-PzKN8nVbFCxw5vp4nLMtsMcBcRtBJzliPZMr9HpbJ75vZuTK3mSbimKEfmxXmJwiF+ngp/JVd1wh5F7z3h4lUg=="
    },
    "jquery-cropper": {
      "version": "1.0.0",
      "resolved": "https://registry.npmjs.org/jquery-cropper/-/jquery-cropper-1.0.0.tgz",
      "integrity": "sha512-ox1zRC1IIlN0sPxqb8TqgmoiEs1USNFfNn1RK6mwXrBdOfJpwqog7ZZVc6Hz/ev03gomDbOs2jXZUgTMBg35xg=="
    }
  }
}
